
Microsoft Visual Studio Solution File, Format Version 12.00
# Visual Studio Version 17
VisualStudioVersion = 17.2.32526.322
MinimumVisualStudioVersion = 10.0.40219.1
Project("{FAE04EC0-301F-11D3-BF4B-00C04F79EFBC}") = "TryCatch", "TryCatch.csproj", "{A1BDB182-370E-46C1-90C0-AFE473A40732}"
EndProject
Global
	GlobalSection(SolutionConfigurationPlatforms) = preSolution
		Debug|Any CPU = Debug|Any CPU
		Release|Any CPU = Release|Any CPU
	EndGlobalSection
	GlobalSection(ProjectConfigurationPlatforms) = postSolution
		{A1BDB182-370E-46C1-90C0-AFE473A40732}.Debug|Any CPU.ActiveCfg = Debug|Any CPU
		{A1BDB182-370E-46C1-90C0-AFE473A40732}.Debug|Any CPU.Build.0 = Debug|Any CPU
		{A1BDB182-370E-46C1-90C0-AFE473A40732}.Release|Any CPU.ActiveCfg = Release|Any CPU
		{A1BDB182-370E-46C1-90C0-AFE473A40732}.Release|Any CPU.Build.0 = Release|Any CPU
	EndGlobalSection
	GlobalSection(SolutionProperties) = preSolution
		HideSolutionNode = FALSE
	EndGlobalSection
	GlobalSection(ExtensibilityGlobals) = postSolution
		SolutionGuid = {077F66F8-2A42-4C46-96EA-B9E7A0C1AC3D}
	EndGlobalSection
EndGlobal
